
Microsoft Visual Studio Solution File, Format Version 12.00
# Visual Studio Version 16
VisualStudioVersion = 16.0.30804.86
MinimumVisualStudioVersion = 10.0.40219.1
Project("{FAE04EC0-301F-11D3-BF4B-00C04F79EFBC}") = "LibraryManagementSystem", "LibraryManagementSystem\LibraryManagementSystem.csproj", "{F1C7C50A-ECA1-4A2F-BADE-A89A65590639}"
EndProject
Global
	GlobalSection(SolutionConfigurationPlatforms) = preSolution
		Debug|Any CPU = Debug|Any CPU
		Release|Any CPU = Release|Any CPU
	EndGlobalSection
	GlobalSection(ProjectConfigurationPlatforms) = postSolution
		{F1C7C50A-ECA1-4A2F-BADE-A89A65590639}.Debug|Any CPU.ActiveCfg = Debug|Any CPU
		{F1C7C50A-ECA1-4A2F-BADE-A89A65590639}.Debug|Any CPU.Build.0 = Debug|Any CPU
		{F1C7C50A-ECA1-4A2F-BADE-A89A65590639}.Release|Any CPU.ActiveCfg = Release|Any CPU
		{F1C7C50A-ECA1-4A2F-BADE-A89A65590639}.Release|Any CPU.Build.0 = Release|Any CPU
	EndGlobalSection
	GlobalSection(SolutionProperties) = preSolution
		HideSolutionNode = FALSE
	EndGlobalSection
	GlobalSection(ExtensibilityGlobals) = postSolution
		SolutionGuid = {907DECC7-2F46-4CD4-8E60-F0492A86A316}
	EndGlobalSection
EndGlobal
